
Microsoft Visual Studio Solution File, Format Version 12.00
# Visual Studio 2013
VisualStudioVersion = 12.0.40629.0
MinimumVisualStudioVersion = 10.0.40219.1
Project("{FAE04EC0-301F-11D3-BF4B-00C04F79EFBC}") = "PokeStopReminder", "PokeStopReminder\PokeStopReminder.csproj", "{3832791E-2A2F-4F8C-935C-507DAFAE08AD}"
EndProject
Global
	GlobalSection(SolutionConfigurationPlatforms) = preSolution
		Debug|Any CPU = Debug|Any CPU
		Release|Any CPU = Release|Any CPU
	EndGlobalSection
	GlobalSection(ProjectConfigurationPlatforms) = postSolution
		{3832791E-2A2F-4F8C-935C-507DAFAE08AD}.Debug|Any CPU.ActiveCfg = Debug|Any CPU
		{3832791E-2A2F-4F8C-935C-507DAFAE08AD}.Debug|Any CPU.Build.0 = Debug|Any CPU
		{3832791E-2A2F-4F8C-935C-507DAFAE08AD}.Release|Any CPU.ActiveCfg = Release|Any CPU
		{3832791E-2A2F-4F8C-935C-507DAFAE08AD}.Release|Any CPU.Build.0 = Release|Any CPU
	EndGlobalSection
	GlobalSection(SolutionProperties) = preSolution
		HideSolutionNode = FALSE
	EndGlobalSection
EndGlobal
